
Microsoft Visual Studio Solution File, Format Version 12.00
# Visual Studio Version 16
VisualStudioVersion = 16.0.30503.244
MinimumVisualStudioVersion = 10.0.40219.1
Project("{FAE04EC0-301F-11D3-BF4B-00C04F79EFBC}") = "SodaMachineDemo", "SodaMachineDemo\SodaMachineDemo.csproj", "{D57FBEB5-B73E-40F9-B163-0C8758F9655D}"
EndProject
Global
	GlobalSection(SolutionConfigurationPlatforms) = preSolution
		Debug|Any CPU = Debug|Any CPU
		Release|Any CPU = Release|Any CPU
	EndGlobalSection
	GlobalSection(ProjectConfigurationPlatforms) = postSolution
		{D57FBEB5-B73E-40F9-B163-0C8758F9655D}.Debug|Any CPU.ActiveCfg = Debug|Any CPU
		{D57FBEB5-B73E-40F9-B163-0C8758F9655D}.Debug|Any CPU.Build.0 = Debug|Any CPU
		{D57FBEB5-B73E-40F9-B163-0C8758F9655D}.Release|Any CPU.ActiveCfg = Release|Any CPU
		{D57FBEB5-B73E-40F9-B163-0C8758F9655D}.Release|Any CPU.Build.0 = Release|Any CPU
	EndGlobalSection
	GlobalSection(SolutionProperties) = preSolution
		HideSolutionNode = FALSE
	EndGlobalSection
	GlobalSection(ExtensibilityGlobals) = postSolution
		SolutionGuid = {08FC343F-C079-48D4-B24F-B085C5F557B5}
	EndGlobalSection
EndGlobal
